
Microsoft Visual Studio Solution File, Format Version 12.00
# Visual Studio Version 17
VisualStudioVersion = 17.11.35222.181
MinimumVisualStudioVersion = 10.0.40219.1
Project("{9A19103F-16F7-4668-BE54-9A1E7A4F7556}") = "ConcurrencyAndAsynchron.ThreadSample", "ConcurrencyAndAsynchron.ThreadSample\ConcurrencyAndAsynchron.ThreadSample.csproj", "{D7BBA5FD-1F54-4719-A42A-2F2E542C2D60}"
EndProject
Project("{FAE04EC0-301F-11D3-BF4B-00C04F79EFBC}") = "ConcurrencyAndAsynchron.TaskSample", "ConcurrencyAndAsynchron.TaskSample\ConcurrencyAndAsynchron.TaskSample.csproj", "{B2F473AA-5346-4914-BF69-A7F868E73A75}"
EndProject
Global
	GlobalSection(SolutionConfigurationPlatforms) = preSolution
		Debug|Any CPU = Debug|Any CPU
		Release|Any CPU = Release|Any CPU
	EndGlobalSection
	GlobalSection(ProjectConfigurationPlatforms) = postSolution
		{D7BBA5FD-1F54-4719-A42A-2F2E542C2D60}.Debug|Any CPU.ActiveCfg = Debug|Any CPU
		{D7BBA5FD-1F54-4719-A42A-2F2E542C2D60}.Debug|Any CPU.Build.0 = Debug|Any CPU
		{D7BBA5FD-1F54-4719-A42A-2F2E542C2D60}.Release|Any CPU.ActiveCfg = Release|Any CPU
		{D7BBA5FD-1F54-4719-A42A-2F2E542C2D60}.Release|Any CPU.Build.0 = Release|Any CPU
		{B2F473AA-5346-4914-BF69-A7F868E73A75}.Debug|Any CPU.ActiveCfg = Debug|Any CPU
		{B2F473AA-5346-4914-BF69-A7F868E73A75}.Debug|Any CPU.Build.0 = Debug|Any CPU
		{B2F473AA-5346-4914-BF69-A7F868E73A75}.Release|Any CPU.ActiveCfg = Release|Any CPU
		{B2F473AA-5346-4914-BF69-A7F868E73A75}.Release|Any CPU.Build.0 = Release|Any CPU
	EndGlobalSection
	GlobalSection(SolutionProperties) = preSolution
		HideSolutionNode = FALSE
	EndGlobalSection
	GlobalSection(ExtensibilityGlobals) = postSolution
		SolutionGuid = {3DFA7A67-0CF7-40BE-9682-3C09E0BED54E}
	EndGlobalSection
EndGlobal
